
Microsoft Visual Studio Solution File, Format Version 12.00
# Visual Studio Version 16
VisualStudioVersion = 16.0.31205.134
MinimumVisualStudioVersion = 10.0.40219.1
Project("{9A19103F-16F7-4668-BE54-9A1E7A4F7556}") = "Sai.Bdd.Test.Sample1", "Sai.Bdd.Test.Sample1\Sai.Bdd.Test.Sample1.csproj", "{3926197C-679D-4589-A62E-DFD9657FDD28}"
EndProject
Project("{FAE04EC0-301F-11D3-BF4B-00C04F79EFBC}") = "Sai.Bdd.Test.Sample1.Test", "Sai.Bdd.Test.Sample1.Test\Sai.Bdd.Test.Sample1.Test.csproj", "{831BFD85-1E83-45DA-9EAC-C68265868A3F}"
EndProject
Project("{2150E333-8FDC-42A3-9474-1A3956D46DE8}") = "Solution Items", "Solution Items", "{6B27C355-D6D9-4995-93FA-3DA062824C64}"
	ProjectSection(SolutionItems) = preProject
		README.md = README.md
	EndProjectSection
EndProject
Global
	GlobalSection(SolutionConfigurationPlatforms) = preSolution
		Debug|Any CPU = Debug|Any CPU
		Release|Any CPU = Release|Any CPU
	EndGlobalSection
	GlobalSection(ProjectConfigurationPlatforms) = postSolution
		{3926197C-679D-4589-A62E-DFD9657FDD28}.Debug|Any CPU.ActiveCfg = Debug|Any CPU
		{3926197C-679D-4589-A62E-DFD9657FDD28}.Debug|Any CPU.Build.0 = Debug|Any CPU
		{3926197C-679D-4589-A62E-DFD9657FDD28}.Release|Any CPU.ActiveCfg = Release|Any CPU
		{3926197C-679D-4589-A62E-DFD9657FDD28}.Release|Any CPU.Build.0 = Release|Any CPU
		{831BFD85-1E83-45DA-9EAC-C68265868A3F}.Debug|Any CPU.ActiveCfg = Debug|Any CPU
		{831BFD85-1E83-45DA-9EAC-C68265868A3F}.Debug|Any CPU.Build.0 = Debug|Any CPU
		{831BFD85-1E83-45DA-9EAC-C68265868A3F}.Release|Any CPU.ActiveCfg = Release|Any CPU
		{831BFD85-1E83-45DA-9EAC-C68265868A3F}.Release|Any CPU.Build.0 = Release|Any CPU
	EndGlobalSection
	GlobalSection(SolutionProperties) = preSolution
		HideSolutionNode = FALSE
	EndGlobalSection
	GlobalSection(ExtensibilityGlobals) = postSolution
		SolutionGuid = {05362028-0889-44DB-8510-0A4E18A7DB40}
	EndGlobalSection
EndGlobal
